// !$*UTF8*$!
{
	archiveVersion = 1;
	classes = {
	};
	objectVersion = 46;
	objects = {

/* Begin PBXBuildFile section */
		207360861D404C160009FF44 /* AppDelegate.swift in Sources */ = {isa = PBXBuildFile; fileRef = 207360851D404C160009FF44 /* AppDelegate.swift */; };
		207360881D404C160009FF44 /* ViewController.swift in Sources */ = {isa = PBXBuildFile; fileRef = 207360871D404C160009FF44 /* ViewController.swift */; };
		2073608B1D404C160009FF44 /* Main.storyboard in Resources */ = {isa = PBXBuildFile; fileRef = 207360891D404C160009FF44 /* Main.storyboard */; };
		2073608E1D404C160009FF44 /* completionist.xcdatamodeld in Sources */ = {isa = PBXBuildFile; fileRef = 2073608C1D404C160009FF44 /* completionist.xcdatamodeld */; };
		207360901D404C160009FF44 /* Assets.xcassets in Resources */ = {isa = PBXBuildFile; fileRef = 2073608F1D404C160009FF44 /* Assets.xcassets */; };
		207360931D404C160009FF44 /* LaunchScreen.storyboard in Resources */ = {isa = PBXBuildFile; fileRef = 207360911D404C160009FF44 /* LaunchScreen.storyboard */; };
/* End PBXBuildFile section */

/* Begin PBXFileReference section */
		207360821D404C160009FF44 /* completionist.app */ = {isa = PBXFileReference; explicitFileType = wrapper.application; includeInIndex = 0; path = completionist.app; sourceTree = BUILT_PRODUCTS_DIR; };
		207360851D404C160009FF44 /* AppDelegate.swift */ = {isa = PBXFileReference; lastKnownFileType = sourcecode.swift; path = AppDelegate.swift; sourceTree = "<group>"; };
		207360871D404C160009FF44 /* ViewController.swift */ = {isa = PBXFileReference; lastKnownFileType = sourcecode.swift; path = ViewController.swift; sourceTree = "<group>"; };
		2073608A1D404C160009FF44 /* Base */ = {isa = PBXFileReference; lastKnownFileType = file.storyboard; name = Base; path = Base.lproj/Main.storyboard; sourceTree = "<group>"; };
		2073608D1D404C160009FF44 /* completionist.xcdatamodel */ = {isa = PBXFileReference; lastKnownFileType = wrapper.xcdatamodel; path = completionist.xcdatamodel; sourceTree = "<group>"; };
		2073608F1D404C160009FF44 /* Assets.xcassets */ = {isa = PBXFileReference; lastKnownFileType = folder.assetcatalog; path = Assets.xcassets; sourceTree = "<group>"; };
		207360921D404C160009FF44 /* Base */ = {isa = PBXFileReference; lastKnownFileType = file.storyboard; name = Base; path = Base.lproj/LaunchScreen.storyboard; sourceTree = "<group>"; };
		207360941D404C160009FF44 /* Info.plist */ = {isa = PBXFileReference; lastKnownFileType = text.plist.xml; path = Info.plist; sourceTree = "<group>"; };
/* End PBXFileReference section */

/* Begin PBXFrameworksBuildPhase section */
		2073607F1D404C160009FF44 /* Frameworks */ = {
			isa = PBXFrameworksBuildPhase;
			buildActionMask = 2147483647;
			files = (
			);
			runOnlyForDeploymentPostprocessing = 0;
		};
/* End PBXFrameworksBuildPhase section */

/* Begin PBXGroup section */
		207360791D404C160009FF44 = {
			isa = PBXGroup;
			children = (
				207360841D404C160009FF44 /* completionist */,
				207360831D404C160009FF44 /* Products */,
			);
			sourceTree = "<group>";
		};
		207360831D404C160009FF44 /* Products */ = {
			isa = PBXGroup;
			children = (
				207360821D404C160009FF44 /* completionist.app */,
			);
			name = Products;
			sourceTree = "<group>";
		};
		207360841D404C160009FF44 /* completionist */ = {
			isa = PBXGroup;
			children = (
				207360851D404C160009FF44 /* AppDelegate.swift */,
				207360871D404C160009FF44 /* ViewController.swift */,
				207360891D404C160009FF44 /* Main.storyboard */,
				2073608F1D404C160009FF44 /* Assets.xcassets */,
				207360911D404C160009FF44 /* LaunchScreen.storyboard */,
				207360941D404C160009FF44 /* Info.plist */,
				2073608C1D404C160009FF44 /* completionist.xcdatamodeld */,
			);
			path = completionist;
			sourceTree = "<group>";
		};
/* End PBXGroup section */

/* Begin PBXNativeTarget section */
		207360811D404C160009FF44 /* completionist */ = {
			isa = PBXNativeTarget;
			buildConfigurationList = 207360971D404C160009FF44 /* Build configuration list for PBXNativeTarget "completionist" */;
			buildPhases = (
				2073607E1D404C160009FF44 /* Sources */,
				2073607F1D404C160009FF44 /* Frameworks */,
				207360801D404C160009FF44 /* Resources */,
			);
			buildRules = (
			);
			dependencies = (
			);
			name = completionist;
			productName = completionist;
			productReference = 207360821D404C160009FF44 /* completionist.app */;
			productType = "com.apple.product-type.application";
		};
/* End PBXNativeTarget section */

/* Begin PBXProject section */
		2073607A1D404C160009FF44 /* Project object */ = {
			isa = PBXProject;
			attributes = {
				LastSwiftUpdateCheck = 0730;
				LastUpgradeCheck = 0730;
				ORGANIZATIONNAME = "Brandon Walker";
				TargetAttributes = {
					207360811D404C160009FF44 = {
						CreatedOnToolsVersion = 7.3.1;
					};
				};
			};
			buildConfigurationList = 2073607D1D404C160009FF44 /* Build configuration list for PBXProject "completionist" */;
			compatibilityVersion = "Xcode 3.2";
			developmentRegion = English;
			hasScannedForEncodings = 0;
			knownRegions = (
				en,
				Base,
			);
			mainGroup = 207360791D404C160009FF44;
			productRefGroup = 207360831D404C160009FF44 /* Products */;
			projectDirPath = "";
			projectRoot = "";
			targets = (
				207360811D404C160009FF44 /* completionist */,
			);
		};
/* End PBXProject section */

/* Begin PBXResourcesBuildPhase section */
		207360801D404C160009FF44 /* Resources */ = {
			isa = PBXResourcesBuildPhase;
			buildActionMask = 2147483647;
			files = (
				207360931D404C160009FF44 /* LaunchScreen.storyboard in Resources */,
				207360901D404C160009FF44 /* Assets.xcassets in Resources */,
				2073608B1D404C160009FF44 /* Main.storyboard in Resources */,
			);
			runOnlyForDeploymentPostprocessing = 0;
		};
/* End PBXResourcesBuildPhase section */

/* Begin PBXSourcesBuildPhase section */
		2073607E1D404C160009FF44 /* Sources */ = {
			isa = PBXSourcesBuildPhase;
			buildActionMask = 2147483647;
			files = (
				207360881D404C160009FF44 /* ViewController.swift in Sources */,
				2073608E1D404C160009FF44 /* completionist.xcdatamodeld in Sources */,
				207360861D404C160009FF44 /* AppDelegate.swift in Sources */,
			);
			runOnlyForDeploymentPostprocessing = 0;
		};
/* End PBXSourcesBuildPhase section */

/* Begin PBXVariantGroup section */
		207360891D404C160009FF44 /* Main.storyboard */ = {
			isa = PBXVariantGroup;
			children = (
				2073608A1D404C160009FF44 /* Base */,
			);
			name = Main.storyboard;
			sourceTree = "<group>";
		};
		207360911D404C160009FF44 /* LaunchScreen.storyboard */ = {
			isa = PBXVariantGroup;
			children = (
				207360921D404C160009FF44 /* Base */,
			);
			name = LaunchScreen.storyboard;
			sourceTree = "<group>";
		};
/* End PBXVariantGroup section */

/* Begin XCBuildConfiguration section */
		207360951D404C160009FF44 /* Debug */ = {
			isa = XCBuildConfiguration;
			buildSettings = {
				ALWAYS_SEARCH_USER_PATHS = NO;
				CLANG_ANALYZER_NONNULL = YES;
				CLANG_CXX_LANGUAGE_STANDARD = "gnu++0x";
				CLANG_CXX_LIBRARY = "libc++";
				CLANG_ENABLE_MODULES = YES;
				CLANG_ENABLE_OBJC_ARC = YES;
				CLANG_WARN_BOOL_CONVERSION = YES;
				CLANG_WARN_CONSTANT_CONVERSION = YES;
				CLANG_WARN_DIRECT_OBJC_ISA_USAGE = YES_ERROR;
				CLANG_WARN_EMPTY_BODY = YES;
				CLANG_WARN_ENUM_CONVERSION = YES;
				CLANG_WARN_INT_CONVERSION = YES;
				CLANG_WARN_OBJC_ROOT_CLASS = YES_ERROR;
				CLANG_WARN_UNREACHABLE_CODE = YES;
				CLANG_WARN__DUPLICATE_METHOD_MATCH = YES;
				"CODE_SIGN_IDENTITY[sdk=iphoneos*]" = "iPhone Developer";
				COPY_PHASE_STRIP = NO;
				DEBUG_INFORMATION_FORMAT = dwarf;
				ENABLE_STRICT_OBJC_MSGSEND = YES;
				ENABLE_TESTABILITY = YES;
				GCC_C_LANGUAGE_STANDARD = gnu99;
				GCC_DYNAMIC_NO_PIC = NO;
				GCC_NO_COMMON_BLOCKS = YES;
				GCC_OPTIMIZATION_LEVEL = 0;
				GCC_PREPROCESSOR_DEFINITIONS = (
					"DEBUG=1",
					"$(inherited)",
				);
				GCC_WARN_64_TO_32_BIT_CONVERSION = YES;
				GCC_WARN_ABOUT_RETURN_TYPE = YES_ERROR;
				GCC_WARN_UNDECLARED_SELECTOR = YES;
				GCC_WARN_UNINITIALIZED_AUTOS = YES_AGGRESSIVE;
				GCC_WARN_UNUSED_FUNCTION = YES;
				GCC_WARN_UNUSED_VARIABLE = YES;
				IPHONEOS_DEPLOYMENT_TARGET = 9.3;
				MTL_ENABLE_DEBUG_INFO = YES;
				ONLY_ACTIVE_ARCH = YES;
				SDKROOT = iphoneos;
				SWIFT_OPTIMIZATION_LEVEL = "-Onone";
			};
			name = Debug;
		};
		207360961D404C160009FF44 /* Release */ = {
			isa = XCBuildConfiguration;
			buildSettings = {
				ALWAYS_SEARCH_USER_PATHS = NO;
				CLANG_ANALYZER_NONNULL = YES;
				CLANG_CXX_LANGUAGE_STANDARD = "gnu++0x";
				CLANG_CXX_LIBRARY = "libc++";
				CLANG_ENABLE_MODULES = YES;
				CLANG_ENABLE_OBJC_ARC = YES;
				CLANG_WARN_BOOL_CONVERSION = YES;
				CLANG_WARN_CONSTANT_CONVERSION = YES;
				CLANG_WARN_DIRECT_OBJC_ISA_USAGE = YES_ERROR;
				CLANG_WARN_EMPTY_BODY = YES;
				CLANG_WARN_ENUM_CONVERSION = YES;
				CLANG_WARN_INT_CONVERSION = YES;
				CLANG_WARN_OBJC_ROOT_CLASS = YES_ERROR;
				CLANG_WARN_UNREACHABLE_CODE = YES;
				CLANG_WARN__DUPLICATE_METHOD_MATCH = YES;
				"CODE_SIGN_IDENTITY[sdk=iphoneos*]" = "iPhone Developer";
				COPY_PHASE_STRIP = NO;
				DEBUG_INFORMATION_FORMAT = "dwarf-with-dsym";
				ENABLE_NS_ASSERTIONS = NO;
				ENABLE_STRICT_OBJC_MSGSEND = YES;
				GCC_C_LANGUAGE_STANDARD = gnu99;
				GCC_NO_COMMON_BLOCKS = YES;
				GCC_WARN_64_TO_32_BIT_CONVERSION = YES;
				GCC_WARN_ABOUT_RETURN_TYPE = YES_ERROR;
				GCC_WARN_UNDECLARED_SELECTOR = YES;
				GCC_WARN_UNINITIALIZED_AUTOS = YES_AGGRESSIVE;
				GCC_WARN_UNUSED_FUNCTION = YES;
				GCC_WARN_UNUSED_VARIABLE = YES;
				IPHONEOS_DEPLOYMENT_TARGET = 9.3;
				MTL_ENABLE_DEBUG_INFO = NO;
				SDKROOT = iphoneos;
				VALIDATE_PRODUCT = YES;
			};
			name = Release;
		};
		207360981D404C160009FF44 /* Debug */ = {
			isa = XCBuildConfiguration;
			buildSettings = {
				ASSETCATALOG_COMPILER_APPICON_NAME = AppIcon;
				INFOPLIST_FILE = completionist/Info.plist;
				LD_RUNPATH_SEARCH_PATHS = "$(inherited) @executable_path/Frameworks";
				PRODUCT_BUNDLE_IDENTIFIER = com.brandonwalker.completionist;
				PRODUCT_NAME = "$(TARGET_NAME)";
			};
			name = Debug;
		};
		207360991D404C160009FF44 /* Release */ = {
			isa = XCBuildConfiguration;
			buildSettings = {
				ASSETCATALOG_COMPILER_APPICON_NAME = AppIcon;
				INFOPLIST_FILE = completionist/Info.plist;
				LD_RUNPATH_SEARCH_PATHS = "$(inherited) @executable_path/Frameworks";
				PRODUCT_BUNDLE_IDENTIFIER = com.brandonwalker.completionist;
				PRODUCT_NAME = "$(TARGET_NAME)";
			};
			name = Release;
		};
/* End XCBuildConfiguration section */

/* Begin XCConfigurationList section */
		2073607D1D404C160009FF44 /* Build configuration list for PBXProject "completionist" */ = {
			isa = XCConfigurationList;
			buildConfigurations = (
				207360951D404C160009FF44 /* Debug */,
				207360961D404C160009FF44 /* Release */,
			);
			defaultConfigurationIsVisible = 0;
			defaultConfigurationName = Release;
		};
		207360971D404C160009FF44 /* Build configuration list for PBXNativeTarget "completionist" */ = {
			isa = XCConfigurationList;
			buildConfigurations = (
				207360981D404C160009FF44 /* Debug */,
				207360991D404C160009FF44 /* Release */,
			);
			defaultConfigurationIsVisible = 0;
		};
/* End XCConfigurationList section */

/* Begin XCVersionGroup section */
		2073608C1D404C160009FF44 /* completionist.xcdatamodeld */ = {
			isa = XCVersionGroup;
			children = (
				2073608D1D404C160009FF44 /* completionist.xcdatamodel */,
			);
			currentVersion = 2073608D1D404C160009FF44 /* completionist.xcdatamodel */;
			path = completionist.xcdatamodeld;
			sourceTree = "<group>";
			versionGroupType = wrapper.xcdatamodel;
		};
/* End XCVersionGroup section */
	};
	rootObject = 2073607A1D404C160009FF44 /* Project object */;
}
